# This file is automatically @generated by Cargo.
# It is not intended for manual editing.
version = 4

[[package]]
name = "jedvek"
version = "0.2.1"
source = "registry+https://github.com/rust-lang/crates.io-index"
checksum = "2232a3f00adf995e24af3f0d768e2037b3dcc4905244f412848476dc697db441"

[[package]]
name = "proc-macro2"
version = "1.0.107"
source = "registry+https://github.com/rust-lang/crates.io-index"
checksum = "985e7ec9bb745e6ce6535b544d84d6cd6f7ad8bd711c398938ae983b91a766d9"
dependencies = [
 "unicode-ident",
]

[[package]]
name = "quote"
version = "1.0.47"
source = "registry+https://github.com/rust-lang/crates.io-index"
checksum = "1fbf4db142a473a8d80c26bbf18454ed458bf8d26c8219c331daecfdbd079001"
dependencies = [
 "proc-macro2",
]

[[package]]
name = "spindalis"
version = "0.6.0"
dependencies = [
 "jedvek",
 "spindalis_core",
 "spindalis_macros",
]

[[package]]
name = "spindalis_core"
version = "0.3.0"

[[package]]
name = "spindalis_macros"
version = "0.1.2"
dependencies = [
 "quote",
 "spindalis_core",
]

[[package]]
name = "unicode-ident"
version = "1.0.24"
source = "registry+https://github.com/rust-lang/crates.io-index"
checksum = "e6e4313cd5fcd3dad5cafa179702e2b244f760991f45397d14d4ebf38247da75"
